Microsoft Visual Studio Solution File, Format Version 12.00
# Visual Studio 2013
VisualStudioVersion = 12.0.31101.0
MinimumVisualStudioVersion = 10.0.40219.1
Project("{E24C65DC-7377-472B-9ABA-BC803B73C61A}") = "ASPDNSF951", "http://localhost/ASPDNSF951", "{620D1C10-8EEC-45C6-936D-7E607C9CE77D}"
	ProjectSection(WebsiteProperties) = preProject
		UseIISExpress = "false"
		TargetFrameworkMoniker = ".NETFramework,Version%3Dv4.5"
		ProjectReferences = "{65E8266F-BD0A-4C2A-B7DE-13AEE9DF0FAE}|AspDotNetStorefrontCommon.dll;{EB4333E4-C278-4D42-8370-42F3052B9AF5}|AspDotNetStorefrontEventHandlers.dll;{9900E6FD-B97F-4DAA-9DF9-3E1CE78F48C8}|AspDotNetStorefrontWSI.dll;{5487D70A-C4DC-4062-82CD-3F2EF1DB1A1B}|XsltObjects.dll;{95BAAED0-49ED-4190-8D4F-783694A8F3CB}|AspDotNetStorefrontAdmin.dll;{06ED156E-CA02-4A2B-80C4-EEED5A84E9F9}|AspDotNetStorefrontCore.dll;{0249CF6E-1CD6-4F6F-953F-5EF1A3BC71F9}|AspDotNetStorefrontControls.dll;{63E62D25-0D49-4414-836E-85481A039C06}|AspDotNetStorefrontGateways.dll;{DE0E2BB7-ADFA-4140-826C-92778FB9D8C6}|AspDotNetStorefrontBuySafe.dll;{BE725EBC-0882-4F04-B56C-BB1B2BE740B7}|GatewayAuthorizeNet.dll;{07A638FF-BC0B-43BB-A191-E609508327BC}|GatewayCheckoutByAmazon.dll;{9B14DA79-A1B6-4928-97E7-D2C5672B646B}|GatewayCybersource.dll;{2690D00B-9920-4C4F-BD4E-D6A09295F34F}|GatewayEProcessingNetwork.dll;{11D773B1-7C8C-4B5D-B6AE-FDDAFD5024D8}|GatewayManual.dll;{2366E8A8-0049-41ED-8CC7-36B65C6CE257}|GatewayMicropay.dll;{72F189A2-6ADD-4931-AD67-E340A6EEB825}|GatewayMoneris.dll;{024FB35B-D83E-463E-90C5-8DBB6A786E09}|GatewayPayFlowPro.dll;{384A5A6B-1965-43C4-8AAB-8A3F990D3E1D}|GatewayPayPal.dll;{0AA1E189-58F8-497B-AC47-2334D8506D4D}|GatewayQBMerchantServices.dll;{EDC547AC-A027-4E93-B6D0-E45DD7899825}|GatewaySagePayments.dll;{F047BCEF-A69B-49F6-B9C9-219640C6BBD7}|GatewaySagePayUK.dll;{590B3AA4-D9A6-445D-85A4-81EC5816472E}|GatewaySecureNetV4.dll;{31C2F0B6-EF4F-40B3-81EF-D2320E18075A}|GatewaySkipjack.dll;{83A9C9A4-899C-4013-8685-3B4F419A2B36}|GatewayTwoCheckout.dll;{92484B4B-3107-4BEE-B313-225D65DFC172}|GatewayUSAePay.dll;{CFF7C6C9-1001-49A3-89D3-5F1BDF2347AA}|Gateway1stPay.dll;{BF150EE6-0DE2-488E-9C71-1CBC88FFF661}|Vortx.Mobile.dll;{0D9EB42C-B770-4F86-961F-9D1DE341BFCE}|AspDotNetStorefrontPromotions.dll;{86799948-cf2b-40db-871d-f6396cff775a}|AspDotNetStorefrontApi.dll;"
		Debug.AspNetCompiler.VirtualPath = "/ASPDNSF"
		Debug.AspNetCompiler.PhysicalPath = "Web\"
		Debug.AspNetCompiler.TargetPath = "PrecompiledWeb\ASPDNSF\"
		Debug.AspNetCompiler.Updateable = "true"
		Debug.AspNetCompiler.ForceOverwrite = "true"
		Debug.AspNetCompiler.FixedNames = "false"
		Debug.AspNetCompiler.Debug = "True"
		Release.AspNetCompiler.VirtualPath = "/ASPDNSF"
		Release.AspNetCompiler.PhysicalPath = "Web\"
		Release.AspNetCompiler.TargetPath = "PrecompiledWeb\ASPDNSF\"
		Release.AspNetCompiler.Updateable = "true"
		Release.AspNetCompiler.ForceOverwrite = "true"
		Release.AspNetCompiler.FixedNames = "false"
		Release.AspNetCompiler.Debug = "False"
		SlnRelativePath = "Web\"
	EndProjectSection
	ProjectSection(ProjectDependencies) = postProject
		{44EBF97C-6027-4DCB-B784-BC9AC24F3E79} = {44EBF97C-6027-4DCB-B784-BC9AC24F3E79}
		{0518D2C0-4AFC-4FFF-8C3A-A882D2A0ADC9} = {0518D2C0-4AFC-4FFF-8C3A-A882D2A0ADC9}
		{48524FFB-F050-4D16-AC13-4AA203A108DE} = {48524FFB-F050-4D16-AC13-4AA203A108DE}
	EndProjectSection
EndProject
Project("{FAE04EC0-301F-11D3-BF4B-00C04F79EFBC}") = "AspDotNetStorefrontControls", "ASPDNSFControls\AspDotNetStorefrontControls.csproj", "{0249CF6E-1CD6-4F6F-953F-5EF1A3BC71F9}"
	ProjectSection(ProjectDependencies) = postProject
		{65E8266F-BD0A-4C2A-B7DE-13AEE9DF0FAE} = {65E8266F-BD0A-4C2A-B7DE-13AEE9DF0FAE}
	EndProjectSection
EndProject
Project("{FAE04EC0-301F-11D3-BF4B-00C04F79EFBC}") = "AspDotNetStorefrontCommon", "ASPDNSFCommon\AspDotNetStorefrontCommon.csproj", "{65E8266F-BD0A-4C2A-B7DE-13AEE9DF0FAE}"
EndProject
Project("{FAE04EC0-301F-11D3-BF4B-00C04F79EFBC}") = "AspDotNetStorefrontGateways", "ASPDNSFGateways\AspDotNetStorefrontGateways.csproj", "{63E62D25-0D49-4414-836E-85481A039C06}"
EndProject
Project("{FAE04EC0-301F-11D3-BF4B-00C04F79EFBC}") = "XsltObjects", "XsltObjects\XsltObjects.csproj", "{5487D70A-C4DC-4062-82CD-3F2EF1DB1A1B}"
EndProject
Project("{FAE04EC0-301F-11D3-BF4B-00C04F79EFBC}") = "AspDotNetStorefrontWSI", "ASPDNSFWSI\AspDotNetStorefrontWSI.csproj", "{9900E6FD-B97F-4DAA-9DF9-3E1CE78F48C8}"
	ProjectSection(ProjectDependencies) = postProject
		{63E62D25-0D49-4414-836E-85481A039C06} = {63E62D25-0D49-4414-836E-85481A039C06}
		{65E8266F-BD0A-4C2A-B7DE-13AEE9DF0FAE} = {65E8266F-BD0A-4C2A-B7DE-13AEE9DF0FAE}
	EndProjectSection
EndProject
Project("{FAE04EC0-301F-11D3-BF4B-00C04F79EFBC}") = "AspDotNetStorefrontCore", "ASPDNSFCore\AspDotNetStorefrontCore.csproj", "{06ED156E-CA02-4A2B-80C4-EEED5A84E9F9}"
EndProject
Project("{FAE04EC0-301F-11D3-BF4B-00C04F79EFBC}") = "AspDotNetStorefrontEventHandlers", "AspDotNetStorefrontEvents\AspDotNetStorefrontEventHandlers.csproj", "{EB4333E4-C278-4D42-8370-42F3052B9AF5}"
	ProjectSection(ProjectDependencies) = postProject
		{06ED156E-CA02-4A2B-80C4-EEED5A84E9F9} = {06ED156E-CA02-4A2B-80C4-EEED5A84E9F9}
		{65E8266F-BD0A-4C2A-B7DE-13AEE9DF0FAE} = {65E8266F-BD0A-4C2A-B7DE-13AEE9DF0FAE}
	EndProjectSection
EndProject
Project("{FAE04EC0-301F-11D3-BF4B-00C04F79EFBC}") = "AspDotNetStorefrontAdmin", "AspDotNetStorefrontAdmin\AspDotNetStorefrontAdmin.csproj", "{95BAAED0-49ED-4190-8D4F-783694A8F3CB}"
EndProject
Project("{FAE04EC0-301F-11D3-BF4B-00C04F79EFBC}") = "AspDotNetStorefrontBuySafe", "AspDotNetStorefrontBuySafe\AspDotNetStorefrontBuySafe.csproj", "{DE0E2BB7-ADFA-4140-826C-92778FB9D8C6}"
EndProject
Project("{2150E333-8FDC-42A3-9474-1A3956D46DE8}") = "AspDotNetStorefrontProcessors", "AspDotNetStorefrontProcessors", "{50E5AB57-32C4-4AA1-A54D-3906A1ECC878}"
EndProject
Project("{FAE04EC0-301F-11D3-BF4B-00C04F79EFBC}") = "GatewayAuthorizeNet", "ASPDNSFGatewayProcessors\GatewayAuthorizeNet\GatewayAuthorizeNet.csproj", "{BE725EBC-0882-4F04-B56C-BB1B2BE740B7}"
EndProject
Project("{FAE04EC0-301F-11D3-BF4B-00C04F79EFBC}") = "GatewayCybersource", "ASPDNSFGatewayProcessors\GatewayCybersource\GatewayCybersource.csproj", "{9B14DA79-A1B6-4928-97E7-D2C5672B646B}"
EndProject
Project("{FAE04EC0-301F-11D3-BF4B-00C04F79EFBC}") = "GatewayEProcessingNetwork", "ASPDNSFGatewayProcessors\GatewayEProcessingNetwork\GatewayEProcessingNetwork.csproj", "{2690D00B-9920-4C4F-BD4E-D6A09295F34F}"
EndProject
Project("{FAE04EC0-301F-11D3-BF4B-00C04F79EFBC}") = "GatewayManual", "ASPDNSFGatewayProcessors\GatewayManual\GatewayManual.csproj", "{11D773B1-7C8C-4B5D-B6AE-FDDAFD5024D8}"
EndProject
Project("{FAE04EC0-301F-11D3-BF4B-00C04F79EFBC}") = "GatewayMicropay", "ASPDNSFGatewayProcessors\GatewayMicropay\GatewayMicropay.csproj", "{2366E8A8-0049-41ED-8CC7-36B65C6CE257}"
EndProject
Project("{FAE04EC0-301F-11D3-BF4B-00C04F79EFBC}") = "GatewayMoneris", "ASPDNSFGatewayProcessors\GatewayMoneris\GatewayMoneris.csproj", "{72F189A2-6ADD-4931-AD67-E340A6EEB825}"
EndProject
Project("{FAE04EC0-301F-11D3-BF4B-00C04F79EFBC}") = "GatewayPayFlowPro", "ASPDNSFGatewayProcessors\GatewayPayFlowPro\GatewayPayFlowPro.csproj", "{024FB35B-D83E-463E-90C5-8DBB6A786E09}"
EndProject
Project("{FAE04EC0-301F-11D3-BF4B-00C04F79EFBC}") = "GatewayPayPal", "ASPDNSFGatewayProcessors\GatewayPayPal\GatewayPayPal.csproj", "{384A5A6B-1965-43C4-8AAB-8A3F990D3E1D}"
EndProject
Project("{FAE04EC0-301F-11D3-BF4B-00C04F79EFBC}") = "GatewayQBMerchantServices", "ASPDNSFGatewayProcessors\GatewayQBMerchantServices\GatewayQBMerchantServices.csproj", "{0AA1E189-58F8-497B-AC47-2334D8506D4D}"
EndProject
Project("{FAE04EC0-301F-11D3-BF4B-00C04F79EFBC}") = "GatewaySagePayments", "ASPDNSFGatewayProcessors\GatewaySagePayments\GatewaySagePayments.csproj", "{EDC547AC-A027-4E93-B6D0-E45DD7899825}"
EndProject
Project("{FAE04EC0-301F-11D3-BF4B-00C04F79EFBC}") = "GatewaySagePayUK", "ASPDNSFGatewayProcessors\GatewaySagePayUK\GatewaySagePayUK.csproj", "{F047BCEF-A69B-49F6-B9C9-219640C6BBD7}"
EndProject
Project("{FAE04EC0-301F-11D3-BF4B-00C04F79EFBC}") = "GatewaySkipjack", "ASPDNSFGatewayProcessors\GatewaySkipjack\GatewaySkipjack.csproj", "{31C2F0B6-EF4F-40B3-81EF-D2320E18075A}"
EndProject
Project("{FAE04EC0-301F-11D3-BF4B-00C04F79EFBC}") = "GatewayTwoCheckout", "ASPDNSFGatewayProcessors\GatewayTwoCheckout\GatewayTwoCheckout.csproj", "{83A9C9A4-899C-4013-8685-3B4F419A2B36}"
EndProject
Project("{FAE04EC0-301F-11D3-BF4B-00C04F79EFBC}") = "GatewayUSAePay", "ASPDNSFGatewayProcessors\GatewayUSAePay\GatewayUSAePay.csproj", "{92484B4B-3107-4BEE-B313-225D65DFC172}"
EndProject
Project("{FAE04EC0-301F-11D3-BF4B-00C04F79EFBC}") = "GatewayCheckoutByAmazon", "ASPDNSFGatewayProcessors\GatewayCheckoutByAmazon\GatewayCheckoutByAmazon.csproj", "{07A638FF-BC0B-43BB-A191-E609508327BC}"
EndProject
Project("{FAE04EC0-301F-11D3-BF4B-00C04F79EFBC}") = "GatewaySecureNetv4", "ASPDNSFGatewayProcessors\GatewaySecureNetV4\GatewaySecureNetv4.csproj", "{590B3AA4-D9A6-445D-85A4-81EC5816472E}"
EndProject
Project("{FAE04EC0-301F-11D3-BF4B-00C04F79EFBC}") = "Gateway1stPay", "ASPDNSFGatewayProcessors\Gateway1stPay\Gateway1stPay.csproj", "{CFF7C6C9-1001-49A3-89D3-5F1BDF2347AA}"
EndProject
Project("{FAE04EC0-301F-11D3-BF4B-00C04F79EFBC}") = "Vortx.Mobile", "Vortx.Mobile\Vortx.Mobile.csproj", "{BF150EE6-0DE2-488E-9C71-1CBC88FFF661}"
EndProject
Project("{FAE04EC0-301F-11D3-BF4B-00C04F79EFBC}") = "AspDotNetStorefrontPromotions", "AspDotNetStorefrontPromotions\AspDotNetStorefrontPromotions.csproj", "{0D9EB42C-B770-4F86-961F-9D1DE341BFCE}"
EndProject
Project("{FAE04EC0-301F-11D3-BF4B-00C04F79EFBC}") = "AspDotNetStorefrontAdminApi", "AspDotNetStorefrontAdminApi\AspDotNetStorefrontAdminApi.csproj", "{86799948-CF2B-40DB-871D-F6396CFF775A}"
EndProject
Global
	GlobalSection(SolutionConfigurationPlatforms) = preSolution
		Debug|Any CPU = Debug|Any CPU
		Release|Any CPU = Release|Any CPU
	EndGlobalSection
	GlobalSection(ProjectConfigurationPlatforms) = postSolution
		{620D1C10-8EEC-45C6-936D-7E607C9CE77D}.Debug|Any CPU.ActiveCfg = Debug|Any CPU
		{620D1C10-8EEC-45C6-936D-7E607C9CE77D}.Debug|Any CPU.Build.0 = Debug|Any CPU
		{620D1C10-8EEC-45C6-936D-7E607C9CE77D}.Release|Any CPU.ActiveCfg = Debug|Any CPU
		{620D1C10-8EEC-45C6-936D-7E607C9CE77D}.Release|Any CPU.Build.0 = Debug|Any CPU
		{0249CF6E-1CD6-4F6F-953F-5EF1A3BC71F9}.Debug|Any CPU.ActiveCfg = Debug|Any CPU
		{0249CF6E-1CD6-4F6F-953F-5EF1A3BC71F9}.Debug|Any CPU.Build.0 = Debug|Any CPU
		{0249CF6E-1CD6-4F6F-953F-5EF1A3BC71F9}.Release|Any CPU.ActiveCfg = Release|Any CPU
		{0249CF6E-1CD6-4F6F-953F-5EF1A3BC71F9}.Release|Any CPU.Build.0 = Release|Any CPU
		{65E8266F-BD0A-4C2A-B7DE-13AEE9DF0FAE}.Debug|Any CPU.ActiveCfg = Debug|Any CPU
		{65E8266F-BD0A-4C2A-B7DE-13AEE9DF0FAE}.Debug|Any CPU.Build.0 = Debug|Any CPU
		{65E8266F-BD0A-4C2A-B7DE-13AEE9DF0FAE}.Release|Any CPU.ActiveCfg = Release|Any CPU
		{65E8266F-BD0A-4C2A-B7DE-13AEE9DF0FAE}.Release|Any CPU.Build.0 = Release|Any CPU
		{63E62D25-0D49-4414-836E-85481A039C06}.Debug|Any CPU.ActiveCfg = Debug|Any CPU
		{63E62D25-0D49-4414-836E-85481A039C06}.Debug|Any CPU.Build.0 = Debug|Any CPU
		{63E62D25-0D49-4414-836E-85481A039C06}.Release|Any CPU.ActiveCfg = Release|Any CPU
		{63E62D25-0D49-4414-836E-85481A039C06}.Release|Any CPU.Build.0 = Release|Any CPU
		{5487D70A-C4DC-4062-82CD-3F2EF1DB1A1B}.Debug|Any CPU.ActiveCfg = Debug|Any CPU
		{5487D70A-C4DC-4062-82CD-3F2EF1DB1A1B}.Debug|Any CPU.Build.0 = Debug|Any CPU
		{5487D70A-C4DC-4062-82CD-3F2EF1DB1A1B}.Release|Any CPU.ActiveCfg = Release|Any CPU
		{5487D70A-C4DC-4062-82CD-3F2EF1DB1A1B}.Release|Any CPU.Build.0 = Release|Any CPU
		{9900E6FD-B97F-4DAA-9DF9-3E1CE78F48C8}.Debug|Any CPU.ActiveCfg = Debug|Any CPU
		{9900E6FD-B97F-4DAA-9DF9-3E1CE78F48C8}.Debug|Any CPU.Build.0 = Debug|Any CPU
		{9900E6FD-B97F-4DAA-9DF9-3E1CE78F48C8}.Release|Any CPU.ActiveCfg = Release|Any CPU
		{9900E6FD-B97F-4DAA-9DF9-3E1CE78F48C8}.Release|Any CPU.Build.0 = Release|Any CPU
		{06ED156E-CA02-4A2B-80C4-EEED5A84E9F9}.Debug|Any CPU.ActiveCfg = Debug|Any CPU
		{06ED156E-CA02-4A2B-80C4-EEED5A84E9F9}.Debug|Any CPU.Build.0 = Debug|Any CPU
		{06ED156E-CA02-4A2B-80C4-EEED5A84E9F9}.Release|Any CPU.ActiveCfg = Release|Any CPU
		{06ED156E-CA02-4A2B-80C4-EEED5A84E9F9}.Release|Any CPU.Build.0 = Release|Any CPU
		{EB4333E4-C278-4D42-8370-42F3052B9AF5}.Debug|Any CPU.ActiveCfg = Debug|Any CPU
		{EB4333E4-C278-4D42-8370-42F3052B9AF5}.Debug|Any CPU.Build.0 = Debug|Any CPU
		{EB4333E4-C278-4D42-8370-42F3052B9AF5}.Release|Any CPU.ActiveCfg = Release|Any CPU
		{EB4333E4-C278-4D42-8370-42F3052B9AF5}.Release|Any CPU.Build.0 = Release|Any CPU
		{95BAAED0-49ED-4190-8D4F-783694A8F3CB}.Debug|Any CPU.ActiveCfg = Debug|Any CPU
		{95BAAED0-49ED-4190-8D4F-783694A8F3CB}.Debug|Any CPU.Build.0 = Debug|Any CPU
		{95BAAED0-49ED-4190-8D4F-783694A8F3CB}.Release|Any CPU.ActiveCfg = Release|Any CPU
		{95BAAED0-49ED-4190-8D4F-783694A8F3CB}.Release|Any CPU.Build.0 = Release|Any CPU
		{DE0E2BB7-ADFA-4140-826C-92778FB9D8C6}.Debug|Any CPU.ActiveCfg = Debug|Any CPU
		{DE0E2BB7-ADFA-4140-826C-92778FB9D8C6}.Debug|Any CPU.Build.0 = Debug|Any CPU
		{DE0E2BB7-ADFA-4140-826C-92778FB9D8C6}.Release|Any CPU.ActiveCfg = Release|Any CPU
		{DE0E2BB7-ADFA-4140-826C-92778FB9D8C6}.Release|Any CPU.Build.0 = Release|Any CPU
		{BE725EBC-0882-4F04-B56C-BB1B2BE740B7}.Debug|Any CPU.ActiveCfg = Debug|Any CPU
		{BE725EBC-0882-4F04-B56C-BB1B2BE740B7}.Debug|Any CPU.Build.0 = Debug|Any CPU
		{BE725EBC-0882-4F04-B56C-BB1B2BE740B7}.Release|Any CPU.ActiveCfg = Release|Any CPU
		{BE725EBC-0882-4F04-B56C-BB1B2BE740B7}.Release|Any CPU.Build.0 = Release|Any CPU
		{9B14DA79-A1B6-4928-97E7-D2C5672B646B}.Debug|Any CPU.ActiveCfg = Debug|Any CPU
		{9B14DA79-A1B6-4928-97E7-D2C5672B646B}.Debug|Any CPU.Build.0 = Debug|Any CPU
		{9B14DA79-A1B6-4928-97E7-D2C5672B646B}.Release|Any CPU.ActiveCfg = Release|Any CPU
		{9B14DA79-A1B6-4928-97E7-D2C5672B646B}.Release|Any CPU.Build.0 = Release|Any CPU
		{2690D00B-9920-4C4F-BD4E-D6A09295F34F}.Debug|Any CPU.ActiveCfg = Debug|Any CPU
		{2690D00B-9920-4C4F-BD4E-D6A09295F34F}.Debug|Any CPU.Build.0 = Debug|Any CPU
		{2690D00B-9920-4C4F-BD4E-D6A09295F34F}.Release|Any CPU.ActiveCfg = Release|Any CPU
		{2690D00B-9920-4C4F-BD4E-D6A09295F34F}.Release|Any CPU.Build.0 = Release|Any CPU
		{11D773B1-7C8C-4B5D-B6AE-FDDAFD5024D8}.Debug|Any CPU.ActiveCfg = Debug|Any CPU
		{11D773B1-7C8C-4B5D-B6AE-FDDAFD5024D8}.Debug|Any CPU.Build.0 = Debug|Any CPU
		{11D773B1-7C8C-4B5D-B6AE-FDDAFD5024D8}.Release|Any CPU.ActiveCfg = Release|Any CPU
		{11D773B1-7C8C-4B5D-B6AE-FDDAFD5024D8}.Release|Any CPU.Build.0 = Release|Any CPU
		{2366E8A8-0049-41ED-8CC7-36B65C6CE257}.Debug|Any CPU.ActiveCfg = Debug|Any CPU
		{2366E8A8-0049-41ED-8CC7-36B65C6CE257}.Debug|Any CPU.Build.0 = Debug|Any CPU
		{2366E8A8-0049-41ED-8CC7-36B65C6CE257}.Release|Any CPU.ActiveCfg = Release|Any CPU
		{2366E8A8-0049-41ED-8CC7-36B65C6CE257}.Release|Any CPU.Build.0 = Release|Any CPU
		{72F189A2-6ADD-4931-AD67-E340A6EEB825}.Debug|Any CPU.ActiveCfg = Debug|Any CPU
		{72F189A2-6ADD-4931-AD67-E340A6EEB825}.Debug|Any CPU.Build.0 = Debug|Any CPU
		{72F189A2-6ADD-4931-AD67-E340A6EEB825}.Release|Any CPU.ActiveCfg = Release|Any CPU
		{72F189A2-6ADD-4931-AD67-E340A6EEB825}.Release|Any CPU.Build.0 = Release|Any CPU
		{024FB35B-D83E-463E-90C5-8DBB6A786E09}.Debug|Any CPU.ActiveCfg = Debug|Any CPU
		{024FB35B-D83E-463E-90C5-8DBB6A786E09}.Debug|Any CPU.Build.0 = Debug|Any CPU
		{024FB35B-D83E-463E-90C5-8DBB6A786E09}.Release|Any CPU.ActiveCfg = Release|Any CPU
		{024FB35B-D83E-463E-90C5-8DBB6A786E09}.Release|Any CPU.Build.0 = Release|Any CPU
		{384A5A6B-1965-43C4-8AAB-8A3F990D3E1D}.Debug|Any CPU.ActiveCfg = Debug|Any CPU
		{384A5A6B-1965-43C4-8AAB-8A3F990D3E1D}.Debug|Any CPU.Build.0 = Debug|Any CPU
		{384A5A6B-1965-43C4-8AAB-8A3F990D3E1D}.Release|Any CPU.ActiveCfg = Release|Any CPU
		{384A5A6B-1965-43C4-8AAB-8A3F990D3E1D}.Release|Any CPU.Build.0 = Release|Any CPU
		{0AA1E189-58F8-497B-AC47-2334D8506D4D}.Debug|Any CPU.ActiveCfg = Debug|Any CPU
		{0AA1E189-58F8-497B-AC47-2334D8506D4D}.Debug|Any CPU.Build.0 = Debug|Any CPU
		{0AA1E189-58F8-497B-AC47-2334D8506D4D}.Release|Any CPU.ActiveCfg = Release|Any CPU
		{0AA1E189-58F8-497B-AC47-2334D8506D4D}.Release|Any CPU.Build.0 = Release|Any CPU
		{EDC547AC-A027-4E93-B6D0-E45DD7899825}.Debug|Any CPU.ActiveCfg = Debug|Any CPU
		{EDC547AC-A027-4E93-B6D0-E45DD7899825}.Debug|Any CPU.Build.0 = Debug|Any CPU
		{EDC547AC-A027-4E93-B6D0-E45DD7899825}.Release|Any CPU.ActiveCfg = Release|Any CPU
		{EDC547AC-A027-4E93-B6D0-E45DD7899825}.Release|Any CPU.Build.0 = Release|Any CPU
		{F047BCEF-A69B-49F6-B9C9-219640C6BBD7}.Debug|Any CPU.ActiveCfg = Debug|Any CPU
		{F047BCEF-A69B-49F6-B9C9-219640C6BBD7}.Debug|Any CPU.Build.0 = Debug|Any CPU
		{F047BCEF-A69B-49F6-B9C9-219640C6BBD7}.Release|Any CPU.ActiveCfg = Release|Any CPU
		{F047BCEF-A69B-49F6-B9C9-219640C6BBD7}.Release|Any CPU.Build.0 = Release|Any CPU
		{31C2F0B6-EF4F-40B3-81EF-D2320E18075A}.Debug|Any CPU.ActiveCfg = Debug|Any CPU
		{31C2F0B6-EF4F-40B3-81EF-D2320E18075A}.Debug|Any CPU.Build.0 = Debug|Any CPU
		{31C2F0B6-EF4F-40B3-81EF-D2320E18075A}.Release|Any CPU.ActiveCfg = Release|Any CPU
		{31C2F0B6-EF4F-40B3-81EF-D2320E18075A}.Release|Any CPU.Build.0 = Release|Any CPU
		{83A9C9A4-899C-4013-8685-3B4F419A2B36}.Debug|Any CPU.ActiveCfg = Debug|Any CPU
		{83A9C9A4-899C-4013-8685-3B4F419A2B36}.Debug|Any CPU.Build.0 = Debug|Any CPU
		{83A9C9A4-899C-4013-8685-3B4F419A2B36}.Release|Any CPU.ActiveCfg = Release|Any CPU
		{83A9C9A4-899C-4013-8685-3B4F419A2B36}.Release|Any CPU.Build.0 = Release|Any CPU
		{92484B4B-3107-4BEE-B313-225D65DFC172}.Debug|Any CPU.ActiveCfg = Debug|Any CPU
		{92484B4B-3107-4BEE-B313-225D65DFC172}.Debug|Any CPU.Build.0 = Debug|Any CPU
		{92484B4B-3107-4BEE-B313-225D65DFC172}.Release|Any CPU.ActiveCfg = Release|Any CPU
		{92484B4B-3107-4BEE-B313-225D65DFC172}.Release|Any CPU.Build.0 = Release|Any CPU
		{07A638FF-BC0B-43BB-A191-E609508327BC}.Debug|Any CPU.ActiveCfg = Debug|Any CPU
		{07A638FF-BC0B-43BB-A191-E609508327BC}.Debug|Any CPU.Build.0 = Debug|Any CPU
		{07A638FF-BC0B-43BB-A191-E609508327BC}.Release|Any CPU.ActiveCfg = Release|Any CPU
		{07A638FF-BC0B-43BB-A191-E609508327BC}.Release|Any CPU.Build.0 = Release|Any CPU
		{590B3AA4-D9A6-445D-85A4-81EC5816472E}.Debug|Any CPU.ActiveCfg = Debug|Any CPU
		{590B3AA4-D9A6-445D-85A4-81EC5816472E}.Debug|Any CPU.Build.0 = Debug|Any CPU
		{590B3AA4-D9A6-445D-85A4-81EC5816472E}.Release|Any CPU.ActiveCfg = Release|Any CPU
		{590B3AA4-D9A6-445D-85A4-81EC5816472E}.Release|Any CPU.Build.0 = Release|Any CPU
		
		{CFF7C6C9-1001-49A3-89D3-5F1BDF2347AA}.Debug|Any CPU.ActiveCfg = Debug|Any CPU
		{CFF7C6C9-1001-49A3-89D3-5F1BDF2347AA}.Debug|Any CPU.Build.0 = Debug|Any CPU
		{CFF7C6C9-1001-49A3-89D3-5F1BDF2347AA}.Release|Any CPU.ActiveCfg = Release|Any CPU
		{CFF7C6C9-1001-49A3-89D3-5F1BDF2347AA}.Release|Any CPU.Build.0 = Release|Any CPU
		{BF150EE6-0DE2-488E-9C71-1CBC88FFF661}.Debug|Any CPU.ActiveCfg = Debug|Any CPU
		{BF150EE6-0DE2-488E-9C71-1CBC88FFF661}.Debug|Any CPU.Build.0 = Debug|Any CPU
		{BF150EE6-0DE2-488E-9C71-1CBC88FFF661}.Release|Any CPU.ActiveCfg = Release|Any CPU
		{BF150EE6-0DE2-488E-9C71-1CBC88FFF661}.Release|Any CPU.Build.0 = Release|Any CPU
		{0D9EB42C-B770-4F86-961F-9D1DE341BFCE}.Debug|Any CPU.ActiveCfg = Debug|Any CPU
		{0D9EB42C-B770-4F86-961F-9D1DE341BFCE}.Debug|Any CPU.Build.0 = Debug|Any CPU
		{0D9EB42C-B770-4F86-961F-9D1DE341BFCE}.Release|Any CPU.ActiveCfg = Release|Any CPU
		{0D9EB42C-B770-4F86-961F-9D1DE341BFCE}.Release|Any CPU.Build.0 = Release|Any CPU
		{86799948-CF2B-40DB-871D-F6396CFF775A}.Debug|Any CPU.ActiveCfg = Debug|Any CPU
		{86799948-CF2B-40DB-871D-F6396CFF775A}.Debug|Any CPU.Build.0 = Debug|Any CPU
		{86799948-CF2B-40DB-871D-F6396CFF775A}.Release|Any CPU.ActiveCfg = Release|Any CPU
		{86799948-CF2B-40DB-871D-F6396CFF775A}.Release|Any CPU.Build.0 = Release|Any CPU
	EndGlobalSection
	GlobalSection(SolutionProperties) = preSolution
		HideSolutionNode = FALSE
	EndGlobalSection
	GlobalSection(NestedProjects) = preSolution
		{BE725EBC-0882-4F04-B56C-BB1B2BE740B7} = {50E5AB57-32C4-4AA1-A54D-3906A1ECC878}
		{9B14DA79-A1B6-4928-97E7-D2C5672B646B} = {50E5AB57-32C4-4AA1-A54D-3906A1ECC878}
		{2690D00B-9920-4C4F-BD4E-D6A09295F34F} = {50E5AB57-32C4-4AA1-A54D-3906A1ECC878}
		{11D773B1-7C8C-4B5D-B6AE-FDDAFD5024D8} = {50E5AB57-32C4-4AA1-A54D-3906A1ECC878}
		{2366E8A8-0049-41ED-8CC7-36B65C6CE257} = {50E5AB57-32C4-4AA1-A54D-3906A1ECC878}
		{72F189A2-6ADD-4931-AD67-E340A6EEB825} = {50E5AB57-32C4-4AA1-A54D-3906A1ECC878}
		{024FB35B-D83E-463E-90C5-8DBB6A786E09} = {50E5AB57-32C4-4AA1-A54D-3906A1ECC878}
		{384A5A6B-1965-43C4-8AAB-8A3F990D3E1D} = {50E5AB57-32C4-4AA1-A54D-3906A1ECC878}
		{0AA1E189-58F8-497B-AC47-2334D8506D4D} = {50E5AB57-32C4-4AA1-A54D-3906A1ECC878}
		{EDC547AC-A027-4E93-B6D0-E45DD7899825} = {50E5AB57-32C4-4AA1-A54D-3906A1ECC878}
		{F047BCEF-A69B-49F6-B9C9-219640C6BBD7} = {50E5AB57-32C4-4AA1-A54D-3906A1ECC878}
		{31C2F0B6-EF4F-40B3-81EF-D2320E18075A} = {50E5AB57-32C4-4AA1-A54D-3906A1ECC878}
		{83A9C9A4-899C-4013-8685-3B4F419A2B36} = {50E5AB57-32C4-4AA1-A54D-3906A1ECC878}
		{92484B4B-3107-4BEE-B313-225D65DFC172} = {50E5AB57-32C4-4AA1-A54D-3906A1ECC878}
		{07A638FF-BC0B-43BB-A191-E609508327BC} = {50E5AB57-32C4-4AA1-A54D-3906A1ECC878}
		{590B3AA4-D9A6-445D-85A4-81EC5816472E} = {50E5AB57-32C4-4AA1-A54D-3906A1ECC878}
		{CFF7C6C9-1001-49A3-89D3-5F1BDF2347AA} = {50E5AB57-32C4-4AA1-A54D-3906A1ECC878}
	EndGlobalSection
EndGlobal
